
Microsoft Visual Studio Solution File, Format Version 12.00
# Visual Studio Version 17
VisualStudioVersion = 17.11.35222.181
MinimumVisualStudioVersion = 10.0.40219.1
Project("{FAE04EC0-301F-11D3-BF4B-00C04F79EFBC}") = "Bandito textbaserat", "Bandito textbaserat\Bandito textbaserat.csproj", "{12F549D5-2F67-473A-8C3E-880236F14005}"
EndProject
Global
	GlobalSection(SolutionConfigurationPlatforms) = preSolution
		Debug|Any CPU = Debug|Any CPU
		Release|Any CPU = Release|Any CPU
	EndGlobalSection
	GlobalSection(ProjectConfigurationPlatforms) = postSolution
		{12F549D5-2F67-473A-8C3E-880236F14005}.Debug|Any CPU.ActiveCfg = Debug|Any CPU
		{12F549D5-2F67-473A-8C3E-880236F14005}.Debug|Any CPU.Build.0 = Debug|Any CPU
		{12F549D5-2F67-473A-8C3E-880236F14005}.Release|Any CPU.ActiveCfg = Release|Any CPU
		{12F549D5-2F67-473A-8C3E-880236F14005}.Release|Any CPU.Build.0 = Release|Any CPU
	EndGlobalSection
	GlobalSection(SolutionProperties) = preSolution
		HideSolutionNode = FALSE
	EndGlobalSection
	GlobalSection(ExtensibilityGlobals) = postSolution
		SolutionGuid = {4FA8DC3B-3FD5-4843-89CA-25ECEDFF76D4}
	EndGlobalSection
EndGlobal
